<?xml version="1.0" encoding="utf-8"?>
<Project ToolsVersion="4.0" xmlns="http://schemas.microsoft.com/developer/msbuild/2003">
  <ItemGroup>
    <Filter Include="src">
      <UniqueIdentifier>{b8141bb7-4e70-4dcc-a247-163b9965c7b7}</UniqueIdentifier>
    </Filter>
    <Filter Include="src\domain">
      <UniqueIdentifier>{573c2fd3-78c8-4db2-82b7-cea603390775}</UniqueIdentifier>
    </Filter>
    <Filter Include="src\cli">
      <UniqueIdentifier>{04b0f04e-a278-4f96-8826-87a35954e34a}</UniqueIdentifier>
    </Filter>
    <Filter Include="src\algoritmos">
      <UniqueIdentifier>{baa26ef4-dcf6-4fe2-a846-c2f862b6dc52}</UniqueIdentifier>
    </Filter>
  </ItemGroup>
  <ItemGroup>
    <ClCompile Include="src\rotas.cpp">
      <Filter>src</Filter>
    </ClCompile>
    <ClCompile Include="src\domain\caminho.cpp">
      <Filter>src\domain</Filter>
    </ClCompile>
    <ClCompile Include="src\domain\rota.cpp">
      <Filter>src\domain</Filter>
    </ClCompile>
    <ClCompile Include="src\domain\cidade.cpp">
      <Filter>src\domain</Filter>
    </ClCompile>
    <ClCompile Include="src\cli\manipula_entrada.cpp">
      <Filter>src\cli</Filter>
    </ClCompile>
    <ClCompile Include="src\algoritmos\dijkstra.cpp">
      <Filter>src\algoritmos</Filter>
    </ClCompile>
    <ClCompile Include="src\cli\exibicao.cpp">
      <Filter>src\cli</Filter>
    </ClCompile>
    <ClCompile Include="src\algoritmos\gillet_johnson.cpp">
      <Filter>src\algoritmos</Filter>
    </ClCompile>
    <ClCompile Include="src\domain\context.cpp">
      <Filter>src\domain</Filter>
    </ClCompile>
    <ClCompile Include="src\algoritmos\clarke_wright.cpp">
      <Filter>src\algoritmos</Filter>
    </ClCompile>
    <ClCompile Include="src\algoritmos\teitz_bart.cpp">
      <Filter>src\algoritmos</Filter>
    </ClCompile>
  </ItemGroup>
  <ItemGroup>
    <ClInclude Include="src\cli\exibicao.h">
      <Filter>src\cli</Filter>
    </ClInclude>
    <ClInclude Include="src\cli\manipula_entrada.h">
      <Filter>src\cli</Filter>
    </ClInclude>
    <ClInclude Include="src\domain\caminho.h">
      <Filter>src\domain</Filter>
    </ClInclude>
    <ClInclude Include="src\domain\cidade.h">
      <Filter>src\domain</Filter>
    </ClInclude>
    <ClInclude Include="src\domain\rota.h">
      <Filter>src\domain</Filter>
    </ClInclude>
    <ClInclude Include="src\algoritmos\dijkstra.h">
      <Filter>src\algoritmos</Filter>
    </ClInclude>
    <ClInclude Include="src\algoritmos\gillet_johnson.h">
      <Filter>src\algoritmos</Filter>
    </ClInclude>
    <ClInclude Include="src\domain\context.h">
      <Filter>src\domain</Filter>
    </ClInclude>
    <ClInclude Include="src\algoritmos\clarke_wright.h">
      <Filter>src\algoritmos</Filter>
    </ClInclude>
    <ClInclude Include="src\algoritmos\teitz_bart.h">
      <Filter>src\algoritmos</Filter>
    </ClInclude>
  </ItemGroup>
</Project>