
Microsoft Visual Studio Solution File, Format Version 12.00
# Visual Studio 14
VisualStudioVersion = 14.0.25123.0
MinimumVisualStudioVersion = 10.0.40219.1
Project("{8BC9CEB8-8B4A-11D0-8D11-00A0C91BC942}") = "Rotas", "Rotas\Rotas.vcxproj", "{37235E36-F341-49F1-B34E-35915C456259}"
	ProjectSection(ProjectDependencies) = postProject
		{726BDFF8-8447-4D3F-A612-01F8F23F69DB} = {726BDFF8-8447-4D3F-A612-01F8F23F69DB}
	EndProjectSection
EndProject
Project("{8BC9CEB8-8B4A-11D0-8D11-00A0C91BC942}") = "GoogleTest", "GoogleTest\GoogleTest.vcxproj", "{726BDFF8-8447-4D3F-A612-01F8F23F69DB}"
EndProject
Project("{8BC9CEB8-8B4A-11D0-8D11-00A0C91BC942}") = "test_Rotas", "test_rotas\test_rotas.vcxproj", "{F3B581C7-1450-4646-A3FF-A1D345867AAE}"
EndProject
Global
	GlobalSection(SolutionConfigurationPlatforms) = preSolution
		Debug|Mixed Platforms = Debug|Mixed Platforms
		Debug|Win32 = Debug|Win32
		Debug|x64 = Debug|x64
		Debug|x86 = Debug|x86
		Release|Mixed Platforms = Release|Mixed Platforms
		Release|Win32 = Release|Win32
		Release|x64 = Release|x64
		Release|x86 = Release|x86
	EndGlobalSection
	GlobalSection(ProjectConfigurationPlatforms) = postSolution
		{37235E36-F341-49F1-B34E-35915C456259}.Debug|Mixed Platforms.ActiveCfg = Debug|Win32
		{37235E36-F341-49F1-B34E-35915C456259}.Debug|Mixed Platforms.Build.0 = Debug|Win32
		{37235E36-F341-49F1-B34E-35915C456259}.Debug|Win32.ActiveCfg = Debug|Win32
		{37235E36-F341-49F1-B34E-35915C456259}.Debug|Win32.Build.0 = Debug|Win32
		{37235E36-F341-49F1-B34E-35915C456259}.Debug|x64.ActiveCfg = Debug|x64
		{37235E36-F341-49F1-B34E-35915C456259}.Debug|x64.Build.0 = Debug|x64
		{37235E36-F341-49F1-B34E-35915C456259}.Debug|x86.ActiveCfg = Debug|Win32
		{37235E36-F341-49F1-B34E-35915C456259}.Debug|x86.Build.0 = Debug|Win32
		{37235E36-F341-49F1-B34E-35915C456259}.Release|Mixed Platforms.ActiveCfg = Release|Win32
		{37235E36-F341-49F1-B34E-35915C456259}.Release|Mixed Platforms.Build.0 = Release|Win32
		{37235E36-F341-49F1-B34E-35915C456259}.Release|Win32.ActiveCfg = Release|Win32
		{37235E36-F341-49F1-B34E-35915C456259}.Release|Win32.Build.0 = Release|Win32
		{37235E36-F341-49F1-B34E-35915C456259}.Release|x64.ActiveCfg = Release|x64
		{37235E36-F341-49F1-B34E-35915C456259}.Release|x64.Build.0 = Release|x64
		{37235E36-F341-49F1-B34E-35915C456259}.Release|x86.ActiveCfg = Release|Win32
		{37235E36-F341-49F1-B34E-35915C456259}.Release|x86.Build.0 = Release|Win32
		{726BDFF8-8447-4D3F-A612-01F8F23F69DB}.Debug|Mixed Platforms.ActiveCfg = Debug|Win32
		{726BDFF8-8447-4D3F-A612-01F8F23F69DB}.Debug|Mixed Platforms.Build.0 = Debug|Win32
		{726BDFF8-8447-4D3F-A612-01F8F23F69DB}.Debug|Win32.ActiveCfg = Debug|Win32
		{726BDFF8-8447-4D3F-A612-01F8F23F69DB}.Debug|Win32.Build.0 = Debug|Win32
		{726BDFF8-8447-4D3F-A612-01F8F23F69DB}.Debug|x64.ActiveCfg = Debug|Win32
		{726BDFF8-8447-4D3F-A612-01F8F23F69DB}.Debug|x86.ActiveCfg = Debug|Win32
		{726BDFF8-8447-4D3F-A612-01F8F23F69DB}.Debug|x86.Build.0 = Debug|Win32
		{726BDFF8-8447-4D3F-A612-01F8F23F69DB}.Release|Mixed Platforms.ActiveCfg = Release|Win32
		{726BDFF8-8447-4D3F-A612-01F8F23F69DB}.Release|Mixed Platforms.Build.0 = Release|Win32
		{726BDFF8-8447-4D3F-A612-01F8F23F69DB}.Release|Win32.ActiveCfg = Release|Win32
		{726BDFF8-8447-4D3F-A612-01F8F23F69DB}.Release|Win32.Build.0 = Release|Win32
		{726BDFF8-8447-4D3F-A612-01F8F23F69DB}.Release|x64.ActiveCfg = Release|Win32
		{726BDFF8-8447-4D3F-A612-01F8F23F69DB}.Release|x86.ActiveCfg = Release|Win32
		{726BDFF8-8447-4D3F-A612-01F8F23F69DB}.Release|x86.Build.0 = Release|Win32
		{F3B581C7-1450-4646-A3FF-A1D345867AAE}.Debug|Mixed Platforms.ActiveCfg = Debug|Win32
		{F3B581C7-1450-4646-A3FF-A1D345867AAE}.Debug|Mixed Platforms.Build.0 = Debug|Win32
		{F3B581C7-1450-4646-A3FF-A1D345867AAE}.Debug|Win32.ActiveCfg = Debug|Win32
		{F3B581C7-1450-4646-A3FF-A1D345867AAE}.Debug|Win32.Build.0 = Debug|Win32
		{F3B581C7-1450-4646-A3FF-A1D345867AAE}.Debug|x64.ActiveCfg = Debug|Win32
		{F3B581C7-1450-4646-A3FF-A1D345867AAE}.Debug|x86.ActiveCfg = Debug|Win32
		{F3B581C7-1450-4646-A3FF-A1D345867AAE}.Debug|x86.Build.0 = Debug|Win32
		{F3B581C7-1450-4646-A3FF-A1D345867AAE}.Release|Mixed Platforms.ActiveCfg = Release|Win32
		{F3B581C7-1450-4646-A3FF-A1D345867AAE}.Release|Mixed Platforms.Build.0 = Release|Win32
		{F3B581C7-1450-4646-A3FF-A1D345867AAE}.Release|Win32.ActiveCfg = Release|Win32
		{F3B581C7-1450-4646-A3FF-A1D345867AAE}.Release|Win32.Build.0 = Release|Win32
		{F3B581C7-1450-4646-A3FF-A1D345867AAE}.Release|x64.ActiveCfg = Release|Win32
		{F3B581C7-1450-4646-A3FF-A1D345867AAE}.Release|x86.ActiveCfg = Release|Win32
		{F3B581C7-1450-4646-A3FF-A1D345867AAE}.Release|x86.Build.0 = Release|Win32
	EndGlobalSection
	GlobalSection(SolutionProperties) = preSolution
		HideSolutionNode = FALSE
	EndGlobalSection
EndGlobal
